Microsoft Visual Studio Solution File, Format Version 12.00
# Visual Studio Version 17
VisualStudioVersion = 17.5.2.0
MinimumVisualStudioVersion = 10.0.40219.1
Project("{FAE04EC0-301F-11D3-BF4B-00C04F79EFBC}") = "BiomeDatasetCollector", "BiomeDatasetCollector.csproj", "{79FF93D4-233C-CC7F-76AB-BDB3F0AF62E9}"
EndProject
Global
	GlobalSection(SolutionConfigurationPlatforms) = preSolution
		Debug|Any CPU = Debug|Any CPU
		Release|Any CPU = Release|Any CPU
	EndGlobalSection
	GlobalSection(ProjectConfigurationPlatforms) = postSolution
		{79FF93D4-233C-CC7F-76AB-BDB3F0AF62E9}.Debug|Any CPU.ActiveCfg = Debug|Any CPU
		{79FF93D4-233C-CC7F-76AB-BDB3F0AF62E9}.Debug|Any CPU.Build.0 = Debug|Any CPU
		{79FF93D4-233C-CC7F-76AB-BDB3F0AF62E9}.Release|Any CPU.ActiveCfg = Release|Any CPU
		{79FF93D4-233C-CC7F-76AB-BDB3F0AF62E9}.Release|Any CPU.Build.0 = Release|Any CPU
	EndGlobalSection
	GlobalSection(SolutionProperties) = preSolution
		HideSolutionNode = FALSE
	EndGlobalSection
	GlobalSection(ExtensibilityGlobals) = postSolution
		SolutionGuid = {173D2DF8-285E-424E-A8FC-9C7F723B64D8}
	EndGlobalSection
EndGlobal
